# This file was autogenerated by Stack.
# You should not edit this file by hand.
# For more information, please see the documentation at:
#   https://docs.haskellstack.org/en/stable/lock_files

packages: []
snapshots:
- completed:
    sha256: 3233075571f670c32ca84e859ae121e8cb4a0cb2c2752f4afcd6195a8620f23c
    size: 646692
    url: https://raw.githubusercontent.com/commercialhaskell/stackage-snapshots/master/nightly/2022/10/29.yaml
  original: nightly-2022-10-29
